
Microsoft Visual Studio Solution File, Format Version 12.00
# Visual Studio Version 16
VisualStudioVersion = 16.0.30413.136
MinimumVisualStudioVersion = 10.0.40219.1
Project("{9A19103F-16F7-4668-BE54-9A1E7A4F7556}") = "Jwt-ConsoleApp", "src\Jwt-ConsoleApp\Jwt-ConsoleApp.csproj", "{7AB35A2D-B796-4420-8A9A-7CA6FFAE29A1}"
EndProject
Project("{2150E333-8FDC-42A3-9474-1A3956D46DE8}") = "Solution Items", "Solution Items", "{123B126D-BC5F-4B01-9F29-1A94A9C3E788}"
	ProjectSection(SolutionItems) = preProject
		.gitignore = .gitignore
		README.md = README.md
	EndProjectSection
EndProject
Project("{FAE04EC0-301F-11D3-BF4B-00C04F79EFBC}") = "Jwt-WebApplication", "src\Jwt-WebApplication\Jwt-WebApplication.csproj", "{94424548-A805-4A51-AE88-34EB1E562B94}"
EndProject
Global
	GlobalSection(SolutionConfigurationPlatforms) = preSolution
		Debug|Any CPU = Debug|Any CPU
		Release|Any CPU = Release|Any CPU
	EndGlobalSection
	GlobalSection(ProjectConfigurationPlatforms) = postSolution
		{7AB35A2D-B796-4420-8A9A-7CA6FFAE29A1}.Debug|Any CPU.ActiveCfg = Debug|Any CPU
		{7AB35A2D-B796-4420-8A9A-7CA6FFAE29A1}.Debug|Any CPU.Build.0 = Debug|Any CPU
		{7AB35A2D-B796-4420-8A9A-7CA6FFAE29A1}.Release|Any CPU.ActiveCfg = Release|Any CPU
		{7AB35A2D-B796-4420-8A9A-7CA6FFAE29A1}.Release|Any CPU.Build.0 = Release|Any CPU
		{94424548-A805-4A51-AE88-34EB1E562B94}.Debug|Any CPU.ActiveCfg = Debug|Any CPU
		{94424548-A805-4A51-AE88-34EB1E562B94}.Debug|Any CPU.Build.0 = Debug|Any CPU
		{94424548-A805-4A51-AE88-34EB1E562B94}.Release|Any CPU.ActiveCfg = Release|Any CPU
		{94424548-A805-4A51-AE88-34EB1E562B94}.Release|Any CPU.Build.0 = Release|Any CPU
	EndGlobalSection
	GlobalSection(SolutionProperties) = preSolution
		HideSolutionNode = FALSE
	EndGlobalSection
	GlobalSection(ExtensibilityGlobals) = postSolution
		SolutionGuid = {7671A3AB-7930-4383-AA32-3A33DC72D6C7}
	EndGlobalSection
EndGlobal
